PODS:
  - Expecta (1.0.6)
  - FlexLib (0.2.1):
    - FlexLib/no-arc (= 0.2.1)
    - Yoga (= 1.6.0)
  - FlexLib/no-arc (0.2.1):
    - Yoga (= 1.6.0)
  - Specta (1.0.7)
  - Yoga (1.6.0)

DEPENDENCIES:
  - Expecta
  - FlexLib (from `../`)
  - Specta

EXTERNAL SOURCES:
  FlexLib:
    :path: ../

SPEC CHECKSUMS:
  Expecta: 3b6bd90a64b9a1dcb0b70aa0e10a7f8f631667d5
  FlexLib: 5f0a6f1cf9e8d129a94e1698c3b83584fe2a2610
  Specta: 3e1bd89c3517421982dc4d1c992503e48bd5fe66
  Yoga: 81670877477311136b1b3f69a6307ce62e1c89cf

PODFILE CHECKSUM: 38398902bdcf2659dcdaabc9a68ea2e5ffe4c6de

COCOAPODS: 1.4.0.beta.2
