PODS:
  - Expecta (1.0.6)
  - FlexLib (2.4.0):
    - FlexLib/no-arc (= 2.4.0)
    - FlexLib/osx-no-arc (= 2.4.0)
    - Yoga (= 1.14.0)
  - FlexLib/no-arc (2.4.0):
    - Yoga (= 1.14.0)
  - FlexLib/osx-no-arc (2.4.0):
    - Yoga (= 1.14.0)
  - Specta (1.0.7)
  - Yoga (1.14.0)

DEPENDENCIES:
  - Expecta
  - FlexLib (from `../`)
  - Specta
  - Yoga (= 1.14.0)

SPEC REPOS:
  https://github.com/cocoapods/specs.git:
    - Expecta
    - Specta
    - Yoga

EXTERNAL SOURCES:
  FlexLib:
    :path: "../"

SPEC CHECKSUMS:
  Expecta: 3b6bd90a64b9a1dcb0b70aa0e10a7f8f631667d5
  FlexLib: 585e9663a1b51f63f14e18c2ec4b17c2509e3e8a
  Specta: 3e1bd89c3517421982dc4d1c992503e48bd5fe66
  Yoga: cff67a400f6b74dc38eb0bad4f156673d9aa980c

PODFILE CHECKSUM: 1a850782b74573e1035fd795aff5ff424bd1a378

COCOAPODS: 1.7.2
