// !$*UTF8*$!
{
	archiveVersion = 1;
	classes = {
	};
	objectVersion = 46;
	objects = {

/* Begin PBXBuildFile section */
		53F9762A3B7FD1E295A3ACEF /* Pods_FlexLib_Example.framework in Frameworks */ = {isa = PBXBuildFile; fileRef = C3F399040DE88BBD2F2E407B /* Pods_FlexLib_Example.framework */; };
		58782A908180548750A1FE7A /* Pods_FlexLib_Tests.framework in Frameworks */ = {isa = PBXBuildFile; fileRef = EAF5D4D82057BA2F2195E3B3 /* Pods_FlexLib_Tests.framework */; };
		6003F58E195388D20070C39A /* Foundation.framework in Frameworks */ = {isa = PBXBuildFile; fileRef = 6003F58D195388D20070C39A /* Foundation.framework */; };
		6003F590195388D20070C39A /* CoreGraphics.framework in Frameworks */ = {isa = PBXBuildFile; fileRef = 6003F58F195388D20070C39A /* CoreGraphics.framework */; };
		6003F592195388D20070C39A /* UIKit.framework in Frameworks */ = {isa = PBXBuildFile; fileRef = 6003F591195388D20070C39A /* UIKit.framework */; };
		6003F598195388D20070C39A /* InfoPlist.strings in Resources */ = {isa = PBXBuildFile; fileRef = 6003F596195388D20070C39A /* InfoPlist.strings */; };
		6003F59A195388D20070C39A /* main.m in Sources */ = {isa = PBXBuildFile; fileRef = 6003F599195388D20070C39A /* main.m */; };
		6003F59E195388D20070C39A /* FlexAppDelegate.m in Sources */ = {isa = PBXBuildFile; fileRef = 6003F59D195388D20070C39A /* FlexAppDelegate.m */; };
		6003F5A7195388D20070C39A /* FlexViewController.m in Sources */ = {isa = PBXBuildFile; fileRef = 6003F5A6195388D20070C39A /* FlexViewController.m */; };
		6003F5A9195388D20070C39A /* Images.xcassets in Resources */ = {isa = PBXBuildFile; fileRef = 6003F5A8195388D20070C39A /* Images.xcassets */; };
		6003F5B0195388D20070C39A /* XCTest.framework in Frameworks */ = {isa = PBXBuildFile; fileRef = 6003F5AF195388D20070C39A /* XCTest.framework */; };
		6003F5B1195388D20070C39A /* Foundation.framework in Frameworks */ = {isa = PBXBuildFile; fileRef = 6003F58D195388D20070C39A /* Foundation.framework */; };
		6003F5B2195388D20070C39A /* UIKit.framework in Frameworks */ = {isa = PBXBuildFile; fileRef = 6003F591195388D20070C39A /* UIKit.framework */; };
		6003F5BA195388D20070C39A /* InfoPlist.strings in Resources */ = {isa = PBXBuildFile; fileRef = 6003F5B8195388D20070C39A /* InfoPlist.strings */; };
		6003F5BC195388D20070C39A /* Tests.m in Sources */ = {isa = PBXBuildFile; fileRef = 6003F5BB195388D20070C39A /* Tests.m */; };
		71719F9F1E33DC2100824A3D /* LaunchScreen.storyboard in Resources */ = {isa = PBXBuildFile; fileRef = 71719F9D1E33DC2100824A3D /* LaunchScreen.storyboard */; };
		D270E9C21FDD7503007FD06C /* README.zh.md in Resources */ = {isa = PBXBuildFile; fileRef = D270E9C11FDD7502007FD06C /* README.zh.md */; };
		D272A8C21FD933710075DB1D /* TestScrollVC.m in Sources */ = {isa = PBXBuildFile; fileRef = D272A8C11FD933710075DB1D /* TestScrollVC.m */; };
		D272A8C41FD933990075DB1D /* TestScrollVC.xml in Resources */ = {isa = PBXBuildFile; fileRef = D272A8C31FD933990075DB1D /* TestScrollVC.xml */; };
		D272A8CF1FDA63000075DB1D /* TestModalVC.m in Sources */ = {isa = PBXBuildFile; fileRef = D272A8CE1FDA63000075DB1D /* TestModalVC.m */; };
		D272A8D11FDA631F0075DB1D /* TestModalVC.xml in Resources */ = {isa = PBXBuildFile; fileRef = D272A8D01FDA631F0075DB1D /* TestModalVC.xml */; };
		D272A8D31FDA66220075DB1D /* arrow_right@2x.png in Resources */ = {isa = PBXBuildFile; fileRef = D272A8D21FDA66220075DB1D /* arrow_right@2x.png */; };
		D272A8D51FDADA370075DB1D /* FlexViewController.xml in Resources */ = {isa = PBXBuildFile; fileRef = D272A8D41FDADA370075DB1D /* FlexViewController.xml */; };
		D272A8E01FDC0DD90075DB1D /* TestLoginVC.m in Sources */ = {isa = PBXBuildFile; fileRef = D272A8DE1FDC0DD90075DB1D /* TestLoginVC.m */; };
		D272A8E21FDC0DFC0075DB1D /* TestLoginVC.xml in Resources */ = {isa = PBXBuildFile; fileRef = D272A8E11FDC0DFC0075DB1D /* TestLoginVC.xml */; };
		D297583D1FE0D069004314CF /* qrcode.png in Resources */ = {isa = PBXBuildFile; fileRef = D297583C1FE0D069004314CF /* qrcode.png */; };
		D2CF9CC11FD7EB0900554A0C /* return@2x.png in Resources */ = {isa = PBXBuildFile; fileRef = D2CF9CBA1FD7EB0900554A0C /* return@2x.png */; };
		D2CF9CC21FD7EB0900554A0C /* addnewtype@2x.png in Resources */ = {isa = PBXBuildFile; fileRef = D2CF9CBB1FD7EB0900554A0C /* addnewtype@2x.png */; };
		D2CF9CC31FD7EB0900554A0C /* TestTableCell.xml in Resources */ = {isa = PBXBuildFile; fileRef = D2CF9CBC1FD7EB0900554A0C /* TestTableCell.xml */; };
		D2CF9CC41FD7EB0900554A0C /* batchcheck@2x.png in Resources */ = {isa = PBXBuildFile; fileRef = D2CF9CBD1FD7EB0900554A0C /* batchcheck@2x.png */; };
		D2CF9CC51FD7EB0900554A0C /* test.xml in Resources */ = {isa = PBXBuildFile; fileRef = D2CF9CBE1FD7EB0900554A0C /* test.xml */; };
		D2CF9CC61FD7EB0900554A0C /* TestTableVC.xml in Resources */ = {isa = PBXBuildFile; fileRef = D2CF9CBF1FD7EB0900554A0C /* TestTableVC.xml */; };
		D2CF9CC71FD7EB0900554A0C /* system.style in Resources */ = {isa = PBXBuildFile; fileRef = D2CF9CC01FD7EB0900554A0C /* system.style */; };
		D2CF9CCE1FD7EB1A00554A0C /* TestVC.m in Sources */ = {isa = PBXBuildFile; fileRef = D2CF9CCA1FD7EB1900554A0C /* TestVC.m */; };
		D2CF9CCF1FD7EB1A00554A0C /* TestTableCell.m in Sources */ = {isa = PBXBuildFile; fileRef = D2CF9CCB1FD7EB1900554A0C /* TestTableCell.m */; };
		D2CF9CD01FD7EB1A00554A0C /* TestTableVC.m in Sources */ = {isa = PBXBuildFile; fileRef = D2CF9CCD1FD7EB1A00554A0C /* TestTableVC.m */; };
/* End PBXBuildFile section */

/* Begin PBXContainerItemProxy section */
		6003F5B3195388D20070C39A /* PBXContainerItemProxy */ = {
			isa = PBXContainerItemProxy;
			containerPortal = 6003F582195388D10070C39A /* Project object */;
			proxyType = 1;
			remoteGlobalIDString = 6003F589195388D20070C39A;
			remoteInfo = FlexLib;
		};
/* End PBXContainerItemProxy section */

/* Begin PBXFileReference section */
		0A51394BE4DAFCF85348261A /* FlexLib.podspec */ = {isa = PBXFileReference; includeInIndex = 1; lastKnownFileType = text; name = FlexLib.podspec; path = ../FlexLib.podspec; sourceTree = "<group>"; };
		2D3FCC96F52EF608017FEEF8 /* LICENSE */ = {isa = PBXFileReference; includeInIndex = 1; lastKnownFileType = text; name = LICENSE; path = ../LICENSE; sourceTree = "<group>"; };
		6003F58A195388D20070C39A /* FlexLib_Example.app */ = {isa = PBXFileReference; explicitFileType = wrapper.application; includeInIndex = 0; path = FlexLib_Example.app; sourceTree = BUILT_PRODUCTS_DIR; };
		6003F58D195388D20070C39A /* Foundation.framework */ = {isa = PBXFileReference; lastKnownFileType = wrapper.framework; name = Foundation.framework; path = System/Library/Frameworks/Foundation.framework; sourceTree = SDKROOT; };
		6003F58F195388D20070C39A /* CoreGraphics.framework */ = {isa = PBXFileReference; lastKnownFileType = wrapper.framework; name = CoreGraphics.framework; path = System/Library/Frameworks/CoreGraphics.framework; sourceTree = SDKROOT; };
		6003F591195388D20070C39A /* UIKit.framework */ = {isa = PBXFileReference; lastKnownFileType = wrapper.framework; name = UIKit.framework; path = System/Library/Frameworks/UIKit.framework; sourceTree = SDKROOT; };
		6003F595195388D20070C39A /* FlexLib-Info.plist */ = {isa = PBXFileReference; lastKnownFileType = text.plist.xml; path = "FlexLib-Info.plist"; sourceTree = "<group>"; };
		6003F597195388D20070C39A /* en */ = {isa = PBXFileReference; lastKnownFileType = text.plist.strings; name = en; path = en.lproj/InfoPlist.strings; sourceTree = "<group>"; };
		6003F599195388D20070C39A /* main.m */ = {isa = PBXFileReference; lastKnownFileType = sourcecode.c.objc; path = main.m; sourceTree = "<group>"; };
		6003F59B195388D20070C39A /* FlexLib-Prefix.pch */ = {isa = PBXFileReference; lastKnownFileType = sourcecode.c.h; path = "FlexLib-Prefix.pch"; sourceTree = "<group>"; };
		6003F59C195388D20070C39A /* FlexAppDelegate.h */ = {isa = PBXFileReference; lastKnownFileType = sourcecode.c.h; path = FlexAppDelegate.h; sourceTree = "<group>"; };
		6003F59D195388D20070C39A /* FlexAppDelegate.m */ = {isa = PBXFileReference; lastKnownFileType = sourcecode.c.objc; path = FlexAppDelegate.m; sourceTree = "<group>"; };
		6003F5A5195388D20070C39A /* FlexViewController.h */ = {isa = PBXFileReference; lastKnownFileType = sourcecode.c.h; path = FlexViewController.h; sourceTree = "<group>"; };
		6003F5A6195388D20070C39A /* FlexViewController.m */ = {isa = PBXFileReference; lastKnownFileType = sourcecode.c.objc; path = FlexViewController.m; sourceTree = "<group>"; };
		6003F5A8195388D20070C39A /* Images.xcassets */ = {isa = PBXFileReference; lastKnownFileType = folder.assetcatalog; path = Images.xcassets; sourceTree = "<group>"; };
		6003F5AE195388D20070C39A /* FlexLib_Tests.xctest */ = {isa = PBXFileReference; explicitFileType = wrapper.cfbundle; includeInIndex = 0; path = FlexLib_Tests.xctest; sourceTree = BUILT_PRODUCTS_DIR; };
		6003F5AF195388D20070C39A /* XCTest.framework */ = {isa = PBXFileReference; lastKnownFileType = wrapper.framework; name = XCTest.framework; path = Library/Frameworks/XCTest.framework; sourceTree = DEVELOPER_DIR; };
		6003F5B7195388D20070C39A /* Tests-Info.plist */ = {isa = PBXFileReference; lastKnownFileType = text.plist.xml; path = "Tests-Info.plist"; sourceTree = "<group>"; };
		6003F5B9195388D20070C39A /* en */ = {isa = PBXFileReference; lastKnownFileType = text.plist.strings; name = en; path = en.lproj/InfoPlist.strings; sourceTree = "<group>"; };
		6003F5BB195388D20070C39A /* Tests.m */ = {isa = PBXFileReference; lastKnownFileType = sourcecode.c.objc; path = Tests.m; sourceTree = "<group>"; };
		606FC2411953D9B200FFA9A0 /* Tests-Prefix.pch */ = {isa = PBXFileReference; lastKnownFileType = sourcecode.c.h; path = "Tests-Prefix.pch"; sourceTree = "<group>"; };
		71719F9E1E33DC2100824A3D /* Base */ = {isa = PBXFileReference; lastKnownFileType = file.storyboard; name = Base; path = Base.lproj/LaunchScreen.storyboard; sourceTree = "<group>"; };
		7B47CA40CE36ADABF2EC0262 /* Pods-FlexLib_Example.release.xcconfig */ = {isa = PBXFileReference; includeInIndex = 1; lastKnownFileType = text.xcconfig; name = "Pods-FlexLib_Example.release.xcconfig"; path = "Pods/Target Support Files/Pods-FlexLib_Example/Pods-FlexLib_Example.release.xcconfig"; sourceTree = "<group>"; };
		885B2948ED10418285C4C976 /* README.md */ = {isa = PBXFileReference; includeInIndex = 1; lastKnownFileType = net.daringfireball.markdown; name = README.md; path = ../README.md; sourceTree = "<group>"; };
		BF0A9AA5EEC0E1A3212D55AE /* Pods-FlexLib_Tests.debug.xcconfig */ = {isa = PBXFileReference; includeInIndex = 1; lastKnownFileType = text.xcconfig; name = "Pods-FlexLib_Tests.debug.xcconfig"; path = "Pods/Target Support Files/Pods-FlexLib_Tests/Pods-FlexLib_Tests.debug.xcconfig"; sourceTree = "<group>"; };
		C3F399040DE88BBD2F2E407B /* Pods_FlexLib_Example.framework */ = {isa = PBXFileReference; explicitFileType = wrapper.framework; includeInIndex = 0; path = Pods_FlexLib_Example.framework; sourceTree = BUILT_PRODUCTS_DIR; };
		D20EA7438FB7413D8C580238 /* Pods-FlexLib_Example.debug.xcconfig */ = {isa = PBXFileReference; includeInIndex = 1; lastKnownFileType = text.xcconfig; name = "Pods-FlexLib_Example.debug.xcconfig"; path = "Pods/Target Support Files/Pods-FlexLib_Example/Pods-FlexLib_Example.debug.xcconfig"; sourceTree = "<group>"; };
		D270E9C11FDD7502007FD06C /* README.zh.md */ = {isa = PBXFileReference; fileEncoding = 4; lastKnownFileType = net.daringfireball.markdown; name = README.zh.md; path = ../README.zh.md; sourceTree = "<group>"; };
		D272A8C01FD933710075DB1D /* TestScrollVC.h */ = {isa = PBXFileReference; lastKnownFileType = sourcecode.c.h; path = TestScrollVC.h; sourceTree = "<group>"; };
		D272A8C11FD933710075DB1D /* TestScrollVC.m */ = {isa = PBXFileReference; lastKnownFileType = sourcecode.c.objc; path = TestScrollVC.m; sourceTree = "<group>"; };
		D272A8C31FD933990075DB1D /* TestScrollVC.xml */ = {isa = PBXFileReference; fileEncoding = 4; lastKnownFileType = text.xml; name = TestScrollVC.xml; path = res/TestScrollVC.xml; sourceTree = "<group>"; };
		D272A8CD1FDA63000075DB1D /* TestModalVC.h */ = {isa = PBXFileReference; lastKnownFileType = sourcecode.c.h; path = TestModalVC.h; sourceTree = "<group>"; };
		D272A8CE1FDA63000075DB1D /* TestModalVC.m */ = {isa = PBXFileReference; lastKnownFileType = sourcecode.c.objc; path = TestModalVC.m; sourceTree = "<group>"; };
		D272A8D01FDA631F0075DB1D /* TestModalVC.xml */ = {isa = PBXFileReference; fileEncoding = 4; lastKnownFileType = text.xml; name = TestModalVC.xml; path = res/TestModalVC.xml; sourceTree = "<group>"; };
		D272A8D21FDA66220075DB1D /* arrow_right@2x.png */ = {isa = PBXFileReference; lastKnownFileType = image.png; name = "arrow_right@2x.png"; path = "res/arrow_right@2x.png"; sourceTree = "<group>"; };
		D272A8D41FDADA370075DB1D /* FlexViewController.xml */ = {isa = PBXFileReference; fileEncoding = 4; lastKnownFileType = text.xml; name = FlexViewController.xml; path = res/FlexViewController.xml; sourceTree = "<group>"; };
		D272A8DE1FDC0DD90075DB1D /* TestLoginVC.m */ = {isa = PBXFileReference; fileEncoding = 4; lastKnownFileType = sourcecode.c.objc; path = TestLoginVC.m; sourceTree = "<group>"; };
		D272A8DF1FDC0DD90075DB1D /* TestLoginVC.h */ = {isa = PBXFileReference; fileEncoding = 4; lastKnownFileType = sourcecode.c.h; path = TestLoginVC.h; sourceTree = "<group>"; };
		D272A8E11FDC0DFC0075DB1D /* TestLoginVC.xml */ = {isa = PBXFileReference; fileEncoding = 4; lastKnownFileType = text.xml; name = TestLoginVC.xml; path = res/TestLoginVC.xml; sourceTree = "<group>"; };
		D297583C1FE0D069004314CF /* qrcode.png */ = {isa = PBXFileReference; lastKnownFileType = image.png; name = qrcode.png; path = res/qrcode.png; sourceTree = "<group>"; };
		D2CF9CBA1FD7EB0900554A0C /* return@2x.png */ = {isa = PBXFileReference; lastKnownFileType = image.png; name = "return@2x.png"; path = "res/return@2x.png"; sourceTree = "<group>"; };
		D2CF9CBB1FD7EB0900554A0C /* addnewtype@2x.png */ = {isa = PBXFileReference; lastKnownFileType = image.png; name = "addnewtype@2x.png"; path = "res/addnewtype@2x.png"; sourceTree = "<group>"; };
		D2CF9CBC1FD7EB0900554A0C /* TestTableCell.xml */ = {isa = PBXFileReference; fileEncoding = 4; lastKnownFileType = text.xml; name = TestTableCell.xml; path = res/TestTableCell.xml; sourceTree = "<group>"; };
		D2CF9CBD1FD7EB0900554A0C /* batchcheck@2x.png */ = {isa = PBXFileReference; lastKnownFileType = image.png; name = "batchcheck@2x.png"; path = "res/batchcheck@2x.png"; sourceTree = "<group>"; };
		D2CF9CBE1FD7EB0900554A0C /* test.xml */ = {isa = PBXFileReference; fileEncoding = 4; lastKnownFileType = text.xml; name = test.xml; path = res/test.xml; sourceTree = "<group>"; };
		D2CF9CBF1FD7EB0900554A0C /* TestTableVC.xml */ = {isa = PBXFileReference; fileEncoding = 4; lastKnownFileType = text.xml; name = TestTableVC.xml; path = res/TestTableVC.xml; sourceTree = "<group>"; };
		D2CF9CC01FD7EB0900554A0C /* system.style */ = {isa = PBXFileReference; fileEncoding = 4; lastKnownFileType = text.xml; name = system.style; path = res/system.style; sourceTree = "<group>"; };
		D2CF9CC81FD7EB1900554A0C /* TestTableCell.h */ = {isa = PBXFileReference; fileEncoding = 4; lastKnownFileType = sourcecode.c.h; path = TestTableCell.h; sourceTree = "<group>"; };
		D2CF9CC91FD7EB1900554A0C /* TestVC.h */ = {isa = PBXFileReference; fileEncoding = 4; lastKnownFileType = sourcecode.c.h; path = TestVC.h; sourceTree = "<group>"; };
		D2CF9CCA1FD7EB1900554A0C /* TestVC.m */ = {isa = PBXFileReference; fileEncoding = 4; lastKnownFileType = sourcecode.c.objc; path = TestVC.m; sourceTree = "<group>"; };
		D2CF9CCB1FD7EB1900554A0C /* TestTableCell.m */ = {isa = PBXFileReference; fileEncoding = 4; lastKnownFileType = sourcecode.c.objc; path = TestTableCell.m; sourceTree = "<group>"; };
		D2CF9CCC1FD7EB1900554A0C /* TestTableVC.h */ = {isa = PBXFileReference; fileEncoding = 4; lastKnownFileType = sourcecode.c.h; path = TestTableVC.h; sourceTree = "<group>"; };
		D2CF9CCD1FD7EB1A00554A0C /* TestTableVC.m */ = {isa = PBXFileReference; fileEncoding = 4; lastKnownFileType = sourcecode.c.objc; path = TestTableVC.m; sourceTree = "<group>"; };
		EAF5D4D82057BA2F2195E3B3 /* Pods_FlexLib_Tests.framework */ = {isa = PBXFileReference; explicitFileType = wrapper.framework; includeInIndex = 0; path = Pods_FlexLib_Tests.framework; sourceTree = BUILT_PRODUCTS_DIR; };
		F1EA3C4A77DCE70224422A8A /* Pods-FlexLib_Tests.release.xcconfig */ = {isa = PBXFileReference; includeInIndex = 1; lastKnownFileType = text.xcconfig; name = "Pods-FlexLib_Tests.release.xcconfig"; path = "Pods/Target Support Files/Pods-FlexLib_Tests/Pods-FlexLib_Tests.release.xcconfig"; sourceTree = "<group>"; };
/* End PBXFileReference section */

/* Begin PBXFrameworksBuildPhase section */
		6003F587195388D20070C39A /* Frameworks */ = {
			isa = PBXFrameworksBuildPhase;
			buildActionMask = 2147483647;
			files = (
				6003F590195388D20070C39A /* CoreGraphics.framework in Frameworks */,
				6003F592195388D20070C39A /* UIKit.framework in Frameworks */,
				6003F58E195388D20070C39A /* Foundation.framework in Frameworks */,
				53F9762A3B7FD1E295A3ACEF /* Pods_FlexLib_Example.framework in Frameworks */,
			);
			runOnlyForDeploymentPostprocessing = 0;
		};
		6003F5AB195388D20070C39A /* Frameworks */ = {
			isa = PBXFrameworksBuildPhase;
			buildActionMask = 2147483647;
			files = (
				6003F5B0195388D20070C39A /* XCTest.framework in Frameworks */,
				6003F5B2195388D20070C39A /* UIKit.framework in Frameworks */,
				6003F5B1195388D20070C39A /* Foundation.framework in Frameworks */,
				58782A908180548750A1FE7A /* Pods_FlexLib_Tests.framework in Frameworks */,
			);
			runOnlyForDeploymentPostprocessing = 0;
		};
/* End PBXFrameworksBuildPhase section */

/* Begin PBXGroup section */
		5BFB1D185E33939CFB4C9470 /* Pods */ = {
			isa = PBXGroup;
			children = (
				D20EA7438FB7413D8C580238 /* Pods-FlexLib_Example.debug.xcconfig */,
				7B47CA40CE36ADABF2EC0262 /* Pods-FlexLib_Example.release.xcconfig */,
				BF0A9AA5EEC0E1A3212D55AE /* Pods-FlexLib_Tests.debug.xcconfig */,
				F1EA3C4A77DCE70224422A8A /* Pods-FlexLib_Tests.release.xcconfig */,
			);
			name = Pods;
			sourceTree = "<group>";
		};
		6003F581195388D10070C39A = {
			isa = PBXGroup;
			children = (
				60FF7A9C1954A5C5007DD14C /* Podspec Metadata */,
				6003F593195388D20070C39A /* Example for FlexLib */,
				6003F5B5195388D20070C39A /* Tests */,
				6003F58C195388D20070C39A /* Frameworks */,
				6003F58B195388D20070C39A /* Products */,
				5BFB1D185E33939CFB4C9470 /* Pods */,
			);
			sourceTree = "<group>";
		};
		6003F58B195388D20070C39A /* Products */ = {
			isa = PBXGroup;
			children = (
				6003F58A195388D20070C39A /* FlexLib_Example.app */,
				6003F5AE195388D20070C39A /* FlexLib_Tests.xctest */,
			);
			name = Products;
			sourceTree = "<group>";
		};
		6003F58C195388D20070C39A /* Frameworks */ = {
			isa = PBXGroup;
			children = (
				6003F58D195388D20070C39A /* Foundation.framework */,
				6003F58F195388D20070C39A /* CoreGraphics.framework */,
				6003F591195388D20070C39A /* UIKit.framework */,
				6003F5AF195388D20070C39A /* XCTest.framework */,
				C3F399040DE88BBD2F2E407B /* Pods_FlexLib_Example.framework */,
				EAF5D4D82057BA2F2195E3B3 /* Pods_FlexLib_Tests.framework */,
			);
			name = Frameworks;
			sourceTree = "<group>";
		};
		6003F593195388D20070C39A /* Example for FlexLib */ = {
			isa = PBXGroup;
			children = (
				D272A8DF1FDC0DD90075DB1D /* TestLoginVC.h */,
				D272A8DE1FDC0DD90075DB1D /* TestLoginVC.m */,
				D2CF9CC81FD7EB1900554A0C /* TestTableCell.h */,
				D2CF9CCB1FD7EB1900554A0C /* TestTableCell.m */,
				D2CF9CCC1FD7EB1900554A0C /* TestTableVC.h */,
				D2CF9CCD1FD7EB1A00554A0C /* TestTableVC.m */,
				D272A8C01FD933710075DB1D /* TestScrollVC.h */,
				D272A8C11FD933710075DB1D /* TestScrollVC.m */,
				D272A8CD1FDA63000075DB1D /* TestModalVC.h */,
				D272A8CE1FDA63000075DB1D /* TestModalVC.m */,
				D2CF9CC91FD7EB1900554A0C /* TestVC.h */,
				D2CF9CCA1FD7EB1900554A0C /* TestVC.m */,
				D2CF9CB91FD7EAFA00554A0C /* res */,
				6003F59C195388D20070C39A /* FlexAppDelegate.h */,
				6003F59D195388D20070C39A /* FlexAppDelegate.m */,
				6003F5A5195388D20070C39A /* FlexViewController.h */,
				6003F5A6195388D20070C39A /* FlexViewController.m */,
				71719F9D1E33DC2100824A3D /* LaunchScreen.storyboard */,
				6003F5A8195388D20070C39A /* Images.xcassets */,
				6003F594195388D20070C39A /* Supporting Files */,
			);
			name = "Example for FlexLib";
			path = FlexLib;
			sourceTree = "<group>";
		};
		6003F594195388D20070C39A /* Supporting Files */ = {
			isa = PBXGroup;
			children = (
				6003F595195388D20070C39A /* FlexLib-Info.plist */,
				6003F596195388D20070C39A /* InfoPlist.strings */,
				6003F599195388D20070C39A /* main.m */,
				6003F59B195388D20070C39A /* FlexLib-Prefix.pch */,
			);
			name = "Supporting Files";
			sourceTree = "<group>";
		};
		6003F5B5195388D20070C39A /* Tests */ = {
			isa = PBXGroup;
			children = (
				6003F5BB195388D20070C39A /* Tests.m */,
				6003F5B6195388D20070C39A /* Supporting Files */,
			);
			path = Tests;
			sourceTree = "<group>";
		};
		6003F5B6195388D20070C39A /* Supporting Files */ = {
			isa = PBXGroup;
			children = (
				6003F5B7195388D20070C39A /* Tests-Info.plist */,
				6003F5B8195388D20070C39A /* InfoPlist.strings */,
				606FC2411953D9B200FFA9A0 /* Tests-Prefix.pch */,
			);
			name = "Supporting Files";
			sourceTree = "<group>";
		};
		60FF7A9C1954A5C5007DD14C /* Podspec Metadata */ = {
			isa = PBXGroup;
			children = (
				0A51394BE4DAFCF85348261A /* FlexLib.podspec */,
				885B2948ED10418285C4C976 /* README.md */,
				D270E9C11FDD7502007FD06C /* README.zh.md */,
				2D3FCC96F52EF608017FEEF8 /* LICENSE */,
			);
			name = "Podspec Metadata";
			sourceTree = "<group>";
		};
		D2CF9CB91FD7EAFA00554A0C /* res */ = {
			isa = PBXGroup;
			children = (
				D297583C1FE0D069004314CF /* qrcode.png */,
				D272A8E11FDC0DFC0075DB1D /* TestLoginVC.xml */,
				D272A8D21FDA66220075DB1D /* arrow_right@2x.png */,
				D2CF9CBB1FD7EB0900554A0C /* addnewtype@2x.png */,
				D2CF9CBD1FD7EB0900554A0C /* batchcheck@2x.png */,
				D2CF9CBA1FD7EB0900554A0C /* return@2x.png */,
				D2CF9CC01FD7EB0900554A0C /* system.style */,
				D2CF9CBE1FD7EB0900554A0C /* test.xml */,
				D272A8D41FDADA370075DB1D /* FlexViewController.xml */,
				D272A8D01FDA631F0075DB1D /* TestModalVC.xml */,
				D2CF9CBC1FD7EB0900554A0C /* TestTableCell.xml */,
				D2CF9CBF1FD7EB0900554A0C /* TestTableVC.xml */,
				D272A8C31FD933990075DB1D /* TestScrollVC.xml */,
			);
			name = res;
			sourceTree = "<group>";
		};
/* End PBXGroup section */

/* Begin PBXNativeTarget section */
		6003F589195388D20070C39A /* FlexLib_Example */ = {
			isa = PBXNativeTarget;
			buildConfigurationList = 6003F5BF195388D20070C39A /* Build configuration list for PBXNativeTarget "FlexLib_Example" */;
			buildPhases = (
				FEA5E8EEB4AFE0028765288E /* [CP] Check Pods Manifest.lock */,
				6003F586195388D20070C39A /* Sources */,
				6003F587195388D20070C39A /* Frameworks */,
				6003F588195388D20070C39A /* Resources */,
				1516B907C64FF46370189E28 /* [CP] Embed Pods Frameworks */,
				294AD6016624C64DDEA817F9 /* [CP] Copy Pods Resources */,
			);
			buildRules = (
			);
			dependencies = (
			);
			name = FlexLib_Example;
			productName = FlexLib;
			productReference = 6003F58A195388D20070C39A /* FlexLib_Example.app */;
			productType = "com.apple.product-type.application";
		};
		6003F5AD195388D20070C39A /* FlexLib_Tests */ = {
			isa = PBXNativeTarget;
			buildConfigurationList = 6003F5C2195388D20070C39A /* Build configuration list for PBXNativeTarget "FlexLib_Tests" */;
			buildPhases = (
				35758F78B3E9BF741CCF085C /* [CP] Check Pods Manifest.lock */,
				6003F5AA195388D20070C39A /* Sources */,
				6003F5AB195388D20070C39A /* Frameworks */,
				6003F5AC195388D20070C39A /* Resources */,
				B648B45A51D89CBE713EA95E /* [CP] Embed Pods Frameworks */,
				9DC9C70542D19C8B78023FD7 /* [CP] Copy Pods Resources */,
			);
			buildRules = (
			);
			dependencies = (
				6003F5B4195388D20070C39A /* PBXTargetDependency */,
			);
			name = FlexLib_Tests;
			productName = FlexLibTests;
			productReference = 6003F5AE195388D20070C39A /* FlexLib_Tests.xctest */;
			productType = "com.apple.product-type.bundle.unit-test";
		};
/* End PBXNativeTarget section */

/* Begin PBXProject section */
		6003F582195388D10070C39A /* Project object */ = {
			isa = PBXProject;
			attributes = {
				CLASSPREFIX = Flex;
				LastUpgradeCheck = 0720;
				ORGANIZATIONNAME = zhenglibao;
				TargetAttributes = {
					6003F5AD195388D20070C39A = {
						TestTargetID = 6003F589195388D20070C39A;
					};
				};
			};
			buildConfigurationList = 6003F585195388D10070C39A /* Build configuration list for PBXProject "FlexLib" */;
			compatibilityVersion = "Xcode 3.2";
			developmentRegion = English;
			hasScannedForEncodings = 0;
			knownRegions = (
				en,
				Base,
			);
			mainGroup = 6003F581195388D10070C39A;
			productRefGroup = 6003F58B195388D20070C39A /* Products */;
			projectDirPath = "";
			projectRoot = "";
			targets = (
				6003F589195388D20070C39A /* FlexLib_Example */,
				6003F5AD195388D20070C39A /* FlexLib_Tests */,
			);
		};
/* End PBXProject section */

/* Begin PBXResourcesBuildPhase section */
		6003F588195388D20070C39A /* Resources */ = {
			isa = PBXResourcesBuildPhase;
			buildActionMask = 2147483647;
			files = (
				D272A8E21FDC0DFC0075DB1D /* TestLoginVC.xml in Resources */,
				D2CF9CC71FD7EB0900554A0C /* system.style in Resources */,
				D2CF9CC31FD7EB0900554A0C /* TestTableCell.xml in Resources */,
				D272A8C41FD933990075DB1D /* TestScrollVC.xml in Resources */,
				71719F9F1E33DC2100824A3D /* LaunchScreen.storyboard in Resources */,
				D2CF9CC51FD7EB0900554A0C /* test.xml in Resources */,
				6003F5A9195388D20070C39A /* Images.xcassets in Resources */,
				6003F598195388D20070C39A /* InfoPlist.strings in Resources */,
				D272A8D11FDA631F0075DB1D /* TestModalVC.xml in Resources */,
				D270E9C21FDD7503007FD06C /* README.zh.md in Resources */,
				D297583D1FE0D069004314CF /* qrcode.png in Resources */,
				D272A8D31FDA66220075DB1D /* arrow_right@2x.png in Resources */,
				D2CF9CC11FD7EB0900554A0C /* return@2x.png in Resources */,
				D2CF9CC41FD7EB0900554A0C /* batchcheck@2x.png in Resources */,
				D272A8D51FDADA370075DB1D /* FlexViewController.xml in Resources */,
				D2CF9CC21FD7EB0900554A0C /* addnewtype@2x.png in Resources */,
				D2CF9CC61FD7EB0900554A0C /* TestTableVC.xml in Resources */,
			);
			runOnlyForDeploymentPostprocessing = 0;
		};
		6003F5AC195388D20070C39A /* Resources */ = {
			isa = PBXResourcesBuildPhase;
			buildActionMask = 2147483647;
			files = (
				6003F5BA195388D20070C39A /* InfoPlist.strings in Resources */,
			);
			runOnlyForDeploymentPostprocessing = 0;
		};
/* End PBXResourcesBuildPhase section */

/* Begin PBXShellScriptBuildPhase section */
		1516B907C64FF46370189E28 /* [CP] Embed Pods Frameworks */ = {
			isa = PBXShellScriptBuildPhase;
			buildActionMask = 2147483647;
			files = (
			);
			inputPaths = (
				"${SRCROOT}/Pods/Target Support Files/Pods-FlexLib_Example/Pods-FlexLib_Example-frameworks.sh",
				"${BUILT_PRODUCTS_DIR}/FlexLib/FlexLib.framework",
				"${BUILT_PRODUCTS_DIR}/Yoga/yoga.framework",
			);
			name = "[CP] Embed Pods Frameworks";
			outputPaths = (
				"${TARGET_BUILD_DIR}/${FRAMEWORKS_FOLDER_PATH}/FlexLib.framework",
				"${TARGET_BUILD_DIR}/${FRAMEWORKS_FOLDER_PATH}/yoga.framework",
			);
			runOnlyForDeploymentPostprocessing = 0;
			shellPath = /bin/sh;
			shellScript = "\"${SRCROOT}/Pods/Target Support Files/Pods-FlexLib_Example/Pods-FlexLib_Example-frameworks.sh\"\n";
			showEnvVarsInLog = 0;
		};
		294AD6016624C64DDEA817F9 /* [CP] Copy Pods Resources */ = {
			isa = PBXShellScriptBuildPhase;
			buildActionMask = 2147483647;
			files = (
			);
			inputPaths = (
			);
			name = "[CP] Copy Pods Resources";
			outputPaths = (
			);
			runOnlyForDeploymentPostprocessing = 0;
			shellPath = /bin/sh;
			shellScript = "\"${SRCROOT}/Pods/Target Support Files/Pods-FlexLib_Example/Pods-FlexLib_Example-resources.sh\"\n";
			showEnvVarsInLog = 0;
		};
		35758F78B3E9BF741CCF085C /* [CP] Check Pods Manifest.lock */ = {
			isa = PBXShellScriptBuildPhase;
			buildActionMask = 2147483647;
			files = (
			);
			inputPaths = (
				"${PODS_PODFILE_DIR_PATH}/Podfile.lock",
				"${PODS_ROOT}/Manifest.lock",
			);
			name = "[CP] Check Pods Manifest.lock";
			outputPaths = (
				"$(DERIVED_FILE_DIR)/Pods-FlexLib_Tests-checkManifestLockResult.txt",
			);
			runOnlyForDeploymentPostprocessing = 0;
			shellPath = /bin/sh;
			shellScript = "diff \"${PODS_PODFILE_DIR_PATH}/Podfile.lock\" \"${PODS_ROOT}/Manifest.lock\" > /dev/null\nif [ $? != 0 ] ; then\n    # print error to STDERR\n    echo \"error: The sandbox is not in sync with the Podfile.lock. Run 'pod install' or update your CocoaPods installation.\" >&2\n    exit 1\nfi\n# This output is used by Xcode 'outputs' to avoid re-running this script phase.\necho \"SUCCESS\" > \"${SCRIPT_OUTPUT_FILE_0}\"\n";
			showEnvVarsInLog = 0;
		};
		9DC9C70542D19C8B78023FD7 /* [CP] Copy Pods Resources */ = {
			isa = PBXShellScriptBuildPhase;
			buildActionMask = 2147483647;
			files = (
			);
			inputPaths = (
			);
			name = "[CP] Copy Pods Resources";
			outputPaths = (
			);
			runOnlyForDeploymentPostprocessing = 0;
			shellPath = /bin/sh;
			shellScript = "\"${SRCROOT}/Pods/Target Support Files/Pods-FlexLib_Tests/Pods-FlexLib_Tests-resources.sh\"\n";
			showEnvVarsInLog = 0;
		};
		B648B45A51D89CBE713EA95E /* [CP] Embed Pods Frameworks */ = {
			isa = PBXShellScriptBuildPhase;
			buildActionMask = 2147483647;
			files = (
			);
			inputPaths = (
				"${SRCROOT}/Pods/Target Support Files/Pods-FlexLib_Tests/Pods-FlexLib_Tests-frameworks.sh",
				"${BUILT_PRODUCTS_DIR}/Expecta/Expecta.framework",
				"${BUILT_PRODUCTS_DIR}/Specta/Specta.framework",
			);
			name = "[CP] Embed Pods Frameworks";
			outputPaths = (
				"${TARGET_BUILD_DIR}/${FRAMEWORKS_FOLDER_PATH}/Expecta.framework",
				"${TARGET_BUILD_DIR}/${FRAMEWORKS_FOLDER_PATH}/Specta.framework",
			);
			runOnlyForDeploymentPostprocessing = 0;
			shellPath = /bin/sh;
			shellScript = "\"${SRCROOT}/Pods/Target Support Files/Pods-FlexLib_Tests/Pods-FlexLib_Tests-frameworks.sh\"\n";
			showEnvVarsInLog = 0;
		};
		FEA5E8EEB4AFE0028765288E /* [CP] Check Pods Manifest.lock */ = {
			isa = PBXShellScriptBuildPhase;
			buildActionMask = 2147483647;
			files = (
			);
			inputPaths = (
				"${PODS_PODFILE_DIR_PATH}/Podfile.lock",
				"${PODS_ROOT}/Manifest.lock",
			);
			name = "[CP] Check Pods Manifest.lock";
			outputPaths = (
				"$(DERIVED_FILE_DIR)/Pods-FlexLib_Example-checkManifestLockResult.txt",
			);
			runOnlyForDeploymentPostprocessing = 0;
			shellPath = /bin/sh;
			shellScript = "diff \"${PODS_PODFILE_DIR_PATH}/Podfile.lock\" \"${PODS_ROOT}/Manifest.lock\" > /dev/null\nif [ $? != 0 ] ; then\n    # print error to STDERR\n    echo \"error: The sandbox is not in sync with the Podfile.lock. Run 'pod install' or update your CocoaPods installation.\" >&2\n    exit 1\nfi\n# This output is used by Xcode 'outputs' to avoid re-running this script phase.\necho \"SUCCESS\" > \"${SCRIPT_OUTPUT_FILE_0}\"\n";
			showEnvVarsInLog = 0;
		};
/* End PBXShellScriptBuildPhase section */

/* Begin PBXSourcesBuildPhase section */
		6003F586195388D20070C39A /* Sources */ = {
			isa = PBXSourcesBuildPhase;
			buildActionMask = 2147483647;
			files = (
				D2CF9CCF1FD7EB1A00554A0C /* TestTableCell.m in Sources */,
				D2CF9CCE1FD7EB1A00554A0C /* TestVC.m in Sources */,
				6003F59E195388D20070C39A /* FlexAppDelegate.m in Sources */,
				D272A8C21FD933710075DB1D /* TestScrollVC.m in Sources */,
				D272A8E01FDC0DD90075DB1D /* TestLoginVC.m in Sources */,
				D2CF9CD01FD7EB1A00554A0C /* TestTableVC.m in Sources */,
				6003F5A7195388D20070C39A /* FlexViewController.m in Sources */,
				D272A8CF1FDA63000075DB1D /* TestModalVC.m in Sources */,
				6003F59A195388D20070C39A /* main.m in Sources */,
			);
			runOnlyForDeploymentPostprocessing = 0;
		};
		6003F5AA195388D20070C39A /* Sources */ = {
			isa = PBXSourcesBuildPhase;
			buildActionMask = 2147483647;
			files = (
				6003F5BC195388D20070C39A /* Tests.m in Sources */,
			);
			runOnlyForDeploymentPostprocessing = 0;
		};
/* End PBXSourcesBuildPhase section */

/* Begin PBXTargetDependency section */
		6003F5B4195388D20070C39A /* PBXTargetDependency */ = {
			isa = PBXTargetDependency;
			target = 6003F589195388D20070C39A /* FlexLib_Example */;
			targetProxy = 6003F5B3195388D20070C39A /* PBXContainerItemProxy */;
		};
/* End PBXTargetDependency section */

/* Begin PBXVariantGroup section */
		6003F596195388D20070C39A /* InfoPlist.strings */ = {
			isa = PBXVariantGroup;
			children = (
				6003F597195388D20070C39A /* en */,
			);
			name = InfoPlist.strings;
			sourceTree = "<group>";
		};
		6003F5B8195388D20070C39A /* InfoPlist.strings */ = {
			isa = PBXVariantGroup;
			children = (
				6003F5B9195388D20070C39A /* en */,
			);
			name = InfoPlist.strings;
			sourceTree = "<group>";
		};
		71719F9D1E33DC2100824A3D /* LaunchScreen.storyboard */ = {
			isa = PBXVariantGroup;
			children = (
				71719F9E1E33DC2100824A3D /* Base */,
			);
			name = LaunchScreen.storyboard;
			sourceTree = "<group>";
		};
/* End PBXVariantGroup section */

/* Begin XCBuildConfiguration section */
		6003F5BD195388D20070C39A /* Debug */ = {
			isa = XCBuildConfiguration;
			buildSettings = {
				ALWAYS_SEARCH_USER_PATHS = NO;
				CLANG_CXX_LANGUAGE_STANDARD = "gnu++0x";
				CLANG_CXX_LIBRARY = "libc++";
				CLANG_ENABLE_MODULES = YES;
				CLANG_ENABLE_OBJC_ARC = YES;
				CLANG_WARN_BOOL_CONVERSION = YES;
				CLANG_WARN_CONSTANT_CONVERSION = YES;
				CLANG_WARN_DIRECT_OBJC_ISA_USAGE = YES_ERROR;
				CLANG_WARN_EMPTY_BODY = YES;
				CLANG_WARN_ENUM_CONVERSION = YES;
				CLANG_WARN_INT_CONVERSION = YES;
				CLANG_WARN_OBJC_ROOT_CLASS = YES_ERROR;
				CLANG_WARN__DUPLICATE_METHOD_MATCH = YES;
				"CODE_SIGN_IDENTITY[sdk=iphoneos*]" = "iPhone Developer";
				COPY_PHASE_STRIP = NO;
				ENABLE_TESTABILITY = YES;
				GCC_C_LANGUAGE_STANDARD = gnu99;
				GCC_DYNAMIC_NO_PIC = NO;
				GCC_OPTIMIZATION_LEVEL = 0;
				GCC_PREPROCESSOR_DEFINITIONS = (
					"DEBUG=1",
					"$(inherited)",
				);
				GCC_SYMBOLS_PRIVATE_EXTERN = NO;
				GCC_WARN_64_TO_32_BIT_CONVERSION = YES;
				GCC_WARN_ABOUT_RETURN_TYPE = YES_ERROR;
				GCC_WARN_UNDECLARED_SELECTOR = YES;
				GCC_WARN_UNINITIALIZED_AUTOS = YES_AGGRESSIVE;
				GCC_WARN_UNUSED_FUNCTION = YES;
				GCC_WARN_UNUSED_VARIABLE = YES;
				IPHONEOS_DEPLOYMENT_TARGET = 9.3;
				ONLY_ACTIVE_ARCH = YES;
				SDKROOT = iphoneos;
				TARGETED_DEVICE_FAMILY = "1,2";
			};
			name = Debug;
		};
		6003F5BE195388D20070C39A /* Release */ = {
			isa = XCBuildConfiguration;
			buildSettings = {
				ALWAYS_SEARCH_USER_PATHS = NO;
				CLANG_CXX_LANGUAGE_STANDARD = "gnu++0x";
				CLANG_CXX_LIBRARY = "libc++";
				CLANG_ENABLE_MODULES = YES;
				CLANG_ENABLE_OBJC_ARC = YES;
				CLANG_WARN_BOOL_CONVERSION = YES;
				CLANG_WARN_CONSTANT_CONVERSION = YES;
				CLANG_WARN_DIRECT_OBJC_ISA_USAGE = YES_ERROR;
				CLANG_WARN_EMPTY_BODY = YES;
				CLANG_WARN_ENUM_CONVERSION = YES;
				CLANG_WARN_INT_CONVERSION = YES;
				CLANG_WARN_OBJC_ROOT_CLASS = YES_ERROR;
				CLANG_WARN__DUPLICATE_METHOD_MATCH = YES;
				"CODE_SIGN_IDENTITY[sdk=iphoneos*]" = "iPhone Developer";
				COPY_PHASE_STRIP = YES;
				ENABLE_NS_ASSERTIONS = NO;
				GCC_C_LANGUAGE_STANDARD = gnu99;
				GCC_WARN_64_TO_32_BIT_CONVERSION = YES;
				GCC_WARN_ABOUT_RETURN_TYPE = YES_ERROR;
				GCC_WARN_UNDECLARED_SELECTOR = YES;
				GCC_WARN_UNINITIALIZED_AUTOS = YES_AGGRESSIVE;
				GCC_WARN_UNUSED_FUNCTION = YES;
				GCC_WARN_UNUSED_VARIABLE = YES;
				IPHONEOS_DEPLOYMENT_TARGET = 9.3;
				SDKROOT = iphoneos;
				TARGETED_DEVICE_FAMILY = "1,2";
				VALIDATE_PRODUCT = YES;
			};
			name = Release;
		};
		6003F5C0195388D20070C39A /* Debug */ = {
			isa = XCBuildConfiguration;
			baseConfigurationReference = D20EA7438FB7413D8C580238 /* Pods-FlexLib_Example.debug.xcconfig */;
			buildSettings = {
				ASSETCATALOG_COMPILER_APPICON_NAME = AppIcon;
				GCC_PRECOMPILE_PREFIX_HEADER = YES;
				GCC_PREFIX_HEADER = "FlexLib/FlexLib-Prefix.pch";
				INFOPLIST_FILE = "FlexLib/FlexLib-Info.plist";
				MODULE_NAME = ExampleApp;
				PRODUCT_BUNDLE_IDENTIFIER = "org.cocoapods.demo.${PRODUCT_NAME:rfc1034identifier}";
				PRODUCT_NAME = "$(TARGET_NAME)";
				WRAPPER_EXTENSION = app;
			};
			name = Debug;
		};
		6003F5C1195388D20070C39A /* Release */ = {
			isa = XCBuildConfiguration;
			baseConfigurationReference = 7B47CA40CE36ADABF2EC0262 /* Pods-FlexLib_Example.release.xcconfig */;
			buildSettings = {
				ASSETCATALOG_COMPILER_APPICON_NAME = AppIcon;
				GCC_PRECOMPILE_PREFIX_HEADER = YES;
				GCC_PREFIX_HEADER = "FlexLib/FlexLib-Prefix.pch";
				INFOPLIST_FILE = "FlexLib/FlexLib-Info.plist";
				MODULE_NAME = ExampleApp;
				PRODUCT_BUNDLE_IDENTIFIER = "org.cocoapods.demo.${PRODUCT_NAME:rfc1034identifier}";
				PRODUCT_NAME = "$(TARGET_NAME)";
				WRAPPER_EXTENSION = app;
			};
			name = Release;
		};
		6003F5C3195388D20070C39A /* Debug */ = {
			isa = XCBuildConfiguration;
			baseConfigurationReference = BF0A9AA5EEC0E1A3212D55AE /* Pods-FlexLib_Tests.debug.xcconfig */;
			buildSettings = {
				BUNDLE_LOADER = "$(TEST_HOST)";
				FRAMEWORK_SEARCH_PATHS = (
					"$(SDKROOT)/Developer/Library/Frameworks",
					"$(inherited)",
					"$(DEVELOPER_FRAMEWORKS_DIR)",
				);
				GCC_PRECOMPILE_PREFIX_HEADER = YES;
				GCC_PREFIX_HEADER = "Tests/Tests-Prefix.pch";
				GCC_PREPROCESSOR_DEFINITIONS = (
					"DEBUG=1",
					"$(inherited)",
				);
				INFOPLIST_FILE = "Tests/Tests-Info.plist";
				PRODUCT_BUNDLE_IDENTIFIER = "org.cocoapods.demo.${PRODUCT_NAME:rfc1034identifier}";
				PRODUCT_NAME = "$(TARGET_NAME)";
				TEST_HOST = "$(BUILT_PRODUCTS_DIR)/FlexLib_Example.app/FlexLib_Example";
				WRAPPER_EXTENSION = xctest;
			};
			name = Debug;
		};
		6003F5C4195388D20070C39A /* Release */ = {
			isa = XCBuildConfiguration;
			baseConfigurationReference = F1EA3C4A77DCE70224422A8A /* Pods-FlexLib_Tests.release.xcconfig */;
			buildSettings = {
				BUNDLE_LOADER = "$(TEST_HOST)";
				FRAMEWORK_SEARCH_PATHS = (
					"$(SDKROOT)/Developer/Library/Frameworks",
					"$(inherited)",
					"$(DEVELOPER_FRAMEWORKS_DIR)",
				);
				GCC_PRECOMPILE_PREFIX_HEADER = YES;
				GCC_PREFIX_HEADER = "Tests/Tests-Prefix.pch";
				INFOPLIST_FILE = "Tests/Tests-Info.plist";
				PRODUCT_BUNDLE_IDENTIFIER = "org.cocoapods.demo.${PRODUCT_NAME:rfc1034identifier}";
				PRODUCT_NAME = "$(TARGET_NAME)";
				TEST_HOST = "$(BUILT_PRODUCTS_DIR)/FlexLib_Example.app/FlexLib_Example";
				WRAPPER_EXTENSION = xctest;
			};
			name = Release;
		};
/* End XCBuildConfiguration section */

/* Begin XCConfigurationList section */
		6003F585195388D10070C39A /* Build configuration list for PBXProject "FlexLib" */ = {
			isa = XCConfigurationList;
			buildConfigurations = (
				6003F5BD195388D20070C39A /* Debug */,
				6003F5BE195388D20070C39A /* Release */,
			);
			defaultConfigurationIsVisible = 0;
			defaultConfigurationName = Release;
		};
		6003F5BF195388D20070C39A /* Build configuration list for PBXNativeTarget "FlexLib_Example" */ = {
			isa = XCConfigurationList;
			buildConfigurations = (
				6003F5C0195388D20070C39A /* Debug */,
				6003F5C1195388D20070C39A /* Release */,
			);
			defaultConfigurationIsVisible = 0;
			defaultConfigurationName = Release;
		};
		6003F5C2195388D20070C39A /* Build configuration list for PBXNativeTarget "FlexLib_Tests" */ = {
			isa = XCConfigurationList;
			buildConfigurations = (
				6003F5C3195388D20070C39A /* Debug */,
				6003F5C4195388D20070C39A /* Release */,
			);
			defaultConfigurationIsVisible = 0;
			defaultConfigurationName = Release;
		};
/* End XCConfigurationList section */
	};
	rootObject = 6003F582195388D10070C39A /* Project object */;
}
