PODS:
  - FlexLib (2.5.4):
    - FlexLib/no-arc (= 2.5.4)
    - Yoga (= 1.14.0)
  - FlexLib/no-arc (2.5.4):
    - Yoga (= 1.14.0)
  - Yoga (1.14.0)

DEPENDENCIES:
  - FlexLib (from `../`)
  - Yoga (= 1.14.0)

SPEC REPOS:
  https://github.com/CocoaPods/Specs.git:
    - Yoga

EXTERNAL SOURCES:
  FlexLib:
    :path: "../"

SPEC CHECKSUMS:
  FlexLib: 46d0ea788ca2607356f2b425470a947ea1ecb422
  Yoga: cff67a400f6b74dc38eb0bad4f156673d9aa980c

PODFILE CHECKSUM: 3ec10e91d10b45ab0fd3d8a0251e13355012e180

COCOAPODS: 1.9.3
