PODS:
  - Expecta (1.0.6)
  - FlexLib (3.3.3):
    - FlexLib/standard (= 3.3.3)
  - FlexLib/preview (3.3.3):
    - FlexLib/standard
  - FlexLib/standard (3.3.3):
    - FlexLib/standard/no-arc (= 3.3.3)
    - FlexLib/yoga
  - FlexLib/standard/no-arc (3.3.3):
    - FlexLib/yoga
  - FlexLib/yoga (3.3.3)
  - Specta (2.0.0)

DEPENDENCIES:
  - Expecta
  - FlexLib (from `../`)
  - FlexLib/preview (from `../`)
  - Specta

SPEC REPOS:
  trunk:
    - Expecta
    - Specta

EXTERNAL SOURCES:
  FlexLib:
    :path: "../"

SPEC CHECKSUMS:
  Expecta: 3b6bd90a64b9a1dcb0b70aa0e10a7f8f631667d5
  FlexLib: 6db603d0e9e20c8223c2aa3a75874f7b114ff5c0
  Specta: b79d84043684b35ffdc2680df578dc318ec2efc2

PODFILE CHECKSUM: a49fb91284d8736ae14f8f4e196af95287a9e035

COCOAPODS: 1.15.2
