// !$*UTF8*$!
{
	archiveVersion = 1;
	classes = {
	};
	objectVersion = 48;
	objects = {

/* Begin PBXBuildFile section */
		A9CEFF54CDF9EA8FE947802D /* Pods_FlexSwiftDemo.framework in Frameworks */ = {isa = PBXBuildFile; fileRef = 56DC7645DD2A3050A2A3215C /* Pods_FlexSwiftDemo.framework */; };
		D2D0206A1FEBA946008F6DB6 /* AppDelegate.swift in Sources */ = {isa = PBXBuildFile; fileRef = D2D020691FEBA946008F6DB6 /* AppDelegate.swift */; };
		D2D0206C1FEBA946008F6DB6 /* ViewController.swift in Sources */ = {isa = PBXBuildFile; fileRef = D2D0206B1FEBA946008F6DB6 /* ViewController.swift */; };
		D2D020711FEBA946008F6DB6 /* Assets.xcassets in Resources */ = {isa = PBXBuildFile; fileRef = D2D020701FEBA946008F6DB6 /* Assets.xcassets */; };
		D2D020741FEBA946008F6DB6 /* LaunchScreen.storyboard in Resources */ = {isa = PBXBuildFile; fileRef = D2D020721FEBA946008F6DB6 /* LaunchScreen.storyboard */; };
		D2D0207C1FEBAC84008F6DB6 /* res in Resources */ = {isa = PBXBuildFile; fileRef = D2D0207B1FEBAC84008F6DB6 /* res */; };
/* End PBXBuildFile section */

/* Begin PBXFileReference section */
		031350CFF12F685D7428A932 /* Pods-FlexSwiftDemo.debug.xcconfig */ = {isa = PBXFileReference; includeInIndex = 1; lastKnownFileType = text.xcconfig; name = "Pods-FlexSwiftDemo.debug.xcconfig"; path = "Pods/Target Support Files/Pods-FlexSwiftDemo/Pods-FlexSwiftDemo.debug.xcconfig"; sourceTree = "<group>"; };
		3113DD79A226E231CFABE7FC /* Pods-FlexSwiftDemo.release.xcconfig */ = {isa = PBXFileReference; includeInIndex = 1; lastKnownFileType = text.xcconfig; name = "Pods-FlexSwiftDemo.release.xcconfig"; path = "Pods/Target Support Files/Pods-FlexSwiftDemo/Pods-FlexSwiftDemo.release.xcconfig"; sourceTree = "<group>"; };
		56DC7645DD2A3050A2A3215C /* Pods_FlexSwiftDemo.framework */ = {isa = PBXFileReference; explicitFileType = wrapper.framework; includeInIndex = 0; path = Pods_FlexSwiftDemo.framework; sourceTree = BUILT_PRODUCTS_DIR; };
		D2D020661FEBA946008F6DB6 /* FlexSwiftDemo.app */ = {isa = PBXFileReference; explicitFileType = wrapper.application; includeInIndex = 0; path = FlexSwiftDemo.app; sourceTree = BUILT_PRODUCTS_DIR; };
		D2D020691FEBA946008F6DB6 /* AppDelegate.swift */ = {isa = PBXFileReference; lastKnownFileType = sourcecode.swift; path = AppDelegate.swift; sourceTree = "<group>"; };
		D2D0206B1FEBA946008F6DB6 /* ViewController.swift */ = {isa = PBXFileReference; lastKnownFileType = sourcecode.swift; path = ViewController.swift; sourceTree = "<group>"; };
		D2D020701FEBA946008F6DB6 /* Assets.xcassets */ = {isa = PBXFileReference; lastKnownFileType = folder.assetcatalog; path = Assets.xcassets; sourceTree = "<group>"; };
		D2D020731FEBA946008F6DB6 /* Base */ = {isa = PBXFileReference; lastKnownFileType = file.storyboard; name = Base; path = Base.lproj/LaunchScreen.storyboard; sourceTree = "<group>"; };
		D2D020751FEBA946008F6DB6 /* Info.plist */ = {isa = PBXFileReference; lastKnownFileType = text.plist.xml; path = Info.plist; sourceTree = "<group>"; };
		D2D0207B1FEBAC84008F6DB6 /* res */ = {isa = PBXFileReference; lastKnownFileType = folder; path = res; sourceTree = "<group>"; };
/* End PBXFileReference section */

/* Begin PBXFrameworksBuildPhase section */
		D2D020631FEBA946008F6DB6 /* Frameworks */ = {
			isa = PBXFrameworksBuildPhase;
			buildActionMask = 2147483647;
			files = (
				A9CEFF54CDF9EA8FE947802D /* Pods_FlexSwiftDemo.framework in Frameworks */,
			);
			runOnlyForDeploymentPostprocessing = 0;
		};
/* End PBXFrameworksBuildPhase section */

/* Begin PBXGroup section */
		76548E73FFD432FCAB926999 /* Frameworks */ = {
			isa = PBXGroup;
			children = (
				56DC7645DD2A3050A2A3215C /* Pods_FlexSwiftDemo.framework */,
			);
			name = Frameworks;
			sourceTree = "<group>";
		};
		7F3EACCB4AC69353A4665533 /* Pods */ = {
			isa = PBXGroup;
			children = (
				031350CFF12F685D7428A932 /* Pods-FlexSwiftDemo.debug.xcconfig */,
				3113DD79A226E231CFABE7FC /* Pods-FlexSwiftDemo.release.xcconfig */,
			);
			name = Pods;
			sourceTree = "<group>";
		};
		D2D0205D1FEBA946008F6DB6 = {
			isa = PBXGroup;
			children = (
				D2D020681FEBA946008F6DB6 /* FlexSwiftDemo */,
				D2D020671FEBA946008F6DB6 /* Products */,
				7F3EACCB4AC69353A4665533 /* Pods */,
				76548E73FFD432FCAB926999 /* Frameworks */,
			);
			sourceTree = "<group>";
		};
		D2D020671FEBA946008F6DB6 /* Products */ = {
			isa = PBXGroup;
			children = (
				D2D020661FEBA946008F6DB6 /* FlexSwiftDemo.app */,
			);
			name = Products;
			sourceTree = "<group>";
		};
		D2D020681FEBA946008F6DB6 /* FlexSwiftDemo */ = {
			isa = PBXGroup;
			children = (
				D2D0207B1FEBAC84008F6DB6 /* res */,
				D2D020691FEBA946008F6DB6 /* AppDelegate.swift */,
				D2D0206B1FEBA946008F6DB6 /* ViewController.swift */,
				D2D020701FEBA946008F6DB6 /* Assets.xcassets */,
				D2D020721FEBA946008F6DB6 /* LaunchScreen.storyboard */,
				D2D020751FEBA946008F6DB6 /* Info.plist */,
			);
			path = FlexSwiftDemo;
			sourceTree = "<group>";
		};
/* End PBXGroup section */

/* Begin PBXNativeTarget section */
		D2D020651FEBA946008F6DB6 /* FlexSwiftDemo */ = {
			isa = PBXNativeTarget;
			buildConfigurationList = D2D020781FEBA946008F6DB6 /* Build configuration list for PBXNativeTarget "FlexSwiftDemo" */;
			buildPhases = (
				E8BBC67982B2299142440F61 /* [CP] Check Pods Manifest.lock */,
				D2D020621FEBA946008F6DB6 /* Sources */,
				D2D020631FEBA946008F6DB6 /* Frameworks */,
				D2D020641FEBA946008F6DB6 /* Resources */,
				9045EA13D850423B8BC667E6 /* [CP] Embed Pods Frameworks */,
				665B3ED10E9D82613CC7EFC3 /* [CP] Copy Pods Resources */,
			);
			buildRules = (
			);
			dependencies = (
			);
			name = FlexSwiftDemo;
			productName = FlexSwiftDemo;
			productReference = D2D020661FEBA946008F6DB6 /* FlexSwiftDemo.app */;
			productType = "com.apple.product-type.application";
		};
/* End PBXNativeTarget section */

/* Begin PBXProject section */
		D2D0205E1FEBA946008F6DB6 /* Project object */ = {
			isa = PBXProject;
			attributes = {
				LastSwiftUpdateCheck = 0920;
				LastUpgradeCheck = 0920;
				ORGANIZATIONNAME = wbg;
				TargetAttributes = {
					D2D020651FEBA946008F6DB6 = {
						CreatedOnToolsVersion = 9.2;
						ProvisioningStyle = Automatic;
					};
				};
			};
			buildConfigurationList = D2D020611FEBA946008F6DB6 /* Build configuration list for PBXProject "FlexSwiftDemo" */;
			compatibilityVersion = "Xcode 8.0";
			developmentRegion = en;
			hasScannedForEncodings = 0;
			knownRegions = (
				en,
				Base,
			);
			mainGroup = D2D0205D1FEBA946008F6DB6;
			productRefGroup = D2D020671FEBA946008F6DB6 /* Products */;
			projectDirPath = "";
			projectRoot = "";
			targets = (
				D2D020651FEBA946008F6DB6 /* FlexSwiftDemo */,
			);
		};
/* End PBXProject section */

/* Begin PBXResourcesBuildPhase section */
		D2D020641FEBA946008F6DB6 /* Resources */ = {
			isa = PBXResourcesBuildPhase;
			buildActionMask = 2147483647;
			files = (
				D2D020741FEBA946008F6DB6 /* LaunchScreen.storyboard in Resources */,
				D2D0207C1FEBAC84008F6DB6 /* res in Resources */,
				D2D020711FEBA946008F6DB6 /* Assets.xcassets in Resources */,
			);
			runOnlyForDeploymentPostprocessing = 0;
		};
/* End PBXResourcesBuildPhase section */

/* Begin PBXShellScriptBuildPhase section */
		665B3ED10E9D82613CC7EFC3 /* [CP] Copy Pods Resources */ = {
			isa = PBXShellScriptBuildPhase;
			buildActionMask = 2147483647;
			files = (
			);
			inputPaths = (
			);
			name = "[CP] Copy Pods Resources";
			outputPaths = (
			);
			runOnlyForDeploymentPostprocessing = 0;
			shellPath = /bin/sh;
			shellScript = "\"${SRCROOT}/Pods/Target Support Files/Pods-FlexSwiftDemo/Pods-FlexSwiftDemo-resources.sh\"\n";
			showEnvVarsInLog = 0;
		};
		9045EA13D850423B8BC667E6 /* [CP] Embed Pods Frameworks */ = {
			isa = PBXShellScriptBuildPhase;
			buildActionMask = 2147483647;
			files = (
			);
			inputPaths = (
				"${SRCROOT}/Pods/Target Support Files/Pods-FlexSwiftDemo/Pods-FlexSwiftDemo-frameworks.sh",
				"${BUILT_PRODUCTS_DIR}/FlexLib-iOS11.2/FlexLib.framework",
				"${BUILT_PRODUCTS_DIR}/Yoga-iOS11.2/yoga.framework",
			);
			name = "[CP] Embed Pods Frameworks";
			outputPaths = (
				"${TARGET_BUILD_DIR}/${FRAMEWORKS_FOLDER_PATH}/FlexLib.framework",
				"${TARGET_BUILD_DIR}/${FRAMEWORKS_FOLDER_PATH}/yoga.framework",
			);
			runOnlyForDeploymentPostprocessing = 0;
			shellPath = /bin/sh;
			shellScript = "\"${SRCROOT}/Pods/Target Support Files/Pods-FlexSwiftDemo/Pods-FlexSwiftDemo-frameworks.sh\"\n";
			showEnvVarsInLog = 0;
		};
		E8BBC67982B2299142440F61 /* [CP] Check Pods Manifest.lock */ = {
			isa = PBXShellScriptBuildPhase;
			buildActionMask = 2147483647;
			files = (
			);
			inputPaths = (
				"${PODS_PODFILE_DIR_PATH}/Podfile.lock",
				"${PODS_ROOT}/Manifest.lock",
			);
			name = "[CP] Check Pods Manifest.lock";
			outputPaths = (
				"$(DERIVED_FILE_DIR)/Pods-FlexSwiftDemo-checkManifestLockResult.txt",
			);
			runOnlyForDeploymentPostprocessing = 0;
			shellPath = /bin/sh;
			shellScript = "diff \"${PODS_PODFILE_DIR_PATH}/Podfile.lock\" \"${PODS_ROOT}/Manifest.lock\" > /dev/null\nif [ $? != 0 ] ; then\n    # print error to STDERR\n    echo \"error: The sandbox is not in sync with the Podfile.lock. Run 'pod install' or update your CocoaPods installation.\" >&2\n    exit 1\nfi\n# This output is used by Xcode 'outputs' to avoid re-running this script phase.\necho \"SUCCESS\" > \"${SCRIPT_OUTPUT_FILE_0}\"\n";
			showEnvVarsInLog = 0;
		};
/* End PBXShellScriptBuildPhase section */

/* Begin PBXSourcesBuildPhase section */
		D2D020621FEBA946008F6DB6 /* Sources */ = {
			isa = PBXSourcesBuildPhase;
			buildActionMask = 2147483647;
			files = (
				D2D0206C1FEBA946008F6DB6 /* ViewController.swift in Sources */,
				D2D0206A1FEBA946008F6DB6 /* AppDelegate.swift in Sources */,
			);
			runOnlyForDeploymentPostprocessing = 0;
		};
/* End PBXSourcesBuildPhase section */

/* Begin PBXVariantGroup section */
		D2D020721FEBA946008F6DB6 /* LaunchScreen.storyboard */ = {
			isa = PBXVariantGroup;
			children = (
				D2D020731FEBA946008F6DB6 /* Base */,
			);
			name = LaunchScreen.storyboard;
			sourceTree = "<group>";
		};
/* End PBXVariantGroup section */

/* Begin XCBuildConfiguration section */
		D2D020761FEBA946008F6DB6 /* Debug */ = {
			isa = XCBuildConfiguration;
			buildSettings = {
				ALWAYS_SEARCH_USER_PATHS = NO;
				CLANG_ANALYZER_NONNULL = YES;
				CLANG_ANALYZER_NUMBER_OBJECT_CONVERSION = YES_AGGRESSIVE;
				CLANG_CXX_LANGUAGE_STANDARD = "gnu++14";
				CLANG_CXX_LIBRARY = "libc++";
				CLANG_ENABLE_MODULES = YES;
				CLANG_ENABLE_OBJC_ARC = YES;
				CLANG_WARN_BLOCK_CAPTURE_AUTORELEASING = YES;
				CLANG_WARN_BOOL_CONVERSION = YES;
				CLANG_WARN_COMMA = YES;
				CLANG_WARN_CONSTANT_CONVERSION = YES;
				CLANG_WARN_DIRECT_OBJC_ISA_USAGE = YES_ERROR;
				CLANG_WARN_DOCUMENTATION_COMMENTS = YES;
				CLANG_WARN_EMPTY_BODY = YES;
				CLANG_WARN_ENUM_CONVERSION = YES;
				CLANG_WARN_INFINITE_RECURSION = YES;
				CLANG_WARN_INT_CONVERSION = YES;
				CLANG_WARN_NON_LITERAL_NULL_CONVERSION = YES;
				CLANG_WARN_OBJC_LITERAL_CONVERSION = YES;
				CLANG_WARN_OBJC_ROOT_CLASS = YES_ERROR;
				CLANG_WARN_RANGE_LOOP_ANALYSIS = YES;
				CLANG_WARN_STRICT_PROTOTYPES = YES;
				CLANG_WARN_SUSPICIOUS_MOVE = YES;
				CLANG_WARN_UNGUARDED_AVAILABILITY = YES_AGGRESSIVE;
				CLANG_WARN_UNREACHABLE_CODE = YES;
				CLANG_WARN__DUPLICATE_METHOD_MATCH = YES;
				CODE_SIGN_IDENTITY = "iPhone Developer";
				COPY_PHASE_STRIP = NO;
				DEBUG_INFORMATION_FORMAT = dwarf;
				ENABLE_STRICT_OBJC_MSGSEND = YES;
				ENABLE_TESTABILITY = YES;
				GCC_C_LANGUAGE_STANDARD = gnu11;
				GCC_DYNAMIC_NO_PIC = NO;
				GCC_NO_COMMON_BLOCKS = YES;
				GCC_OPTIMIZATION_LEVEL = 0;
				GCC_PREPROCESSOR_DEFINITIONS = (
					"DEBUG=1",
					"$(inherited)",
				);
				GCC_WARN_64_TO_32_BIT_CONVERSION = YES;
				GCC_WARN_ABOUT_RETURN_TYPE = YES_ERROR;
				GCC_WARN_UNDECLARED_SELECTOR = YES;
				GCC_WARN_UNINITIALIZED_AUTOS = YES_AGGRESSIVE;
				GCC_WARN_UNUSED_FUNCTION = YES;
				GCC_WARN_UNUSED_VARIABLE = YES;
				IPHONEOS_DEPLOYMENT_TARGET = 11.2;
				MTL_ENABLE_DEBUG_INFO = YES;
				ONLY_ACTIVE_ARCH = YES;
				SDKROOT = iphoneos;
				SWIFT_ACTIVE_COMPILATION_CONDITIONS = DEBUG;
				SWIFT_OPTIMIZATION_LEVEL = "-Onone";
			};
			name = Debug;
		};
		D2D020771FEBA946008F6DB6 /* Release */ = {
			isa = XCBuildConfiguration;
			buildSettings = {
				ALWAYS_SEARCH_USER_PATHS = NO;
				CLANG_ANALYZER_NONNULL = YES;
				CLANG_ANALYZER_NUMBER_OBJECT_CONVERSION = YES_AGGRESSIVE;
				CLANG_CXX_LANGUAGE_STANDARD = "gnu++14";
				CLANG_CXX_LIBRARY = "libc++";
				CLANG_ENABLE_MODULES = YES;
				CLANG_ENABLE_OBJC_ARC = YES;
				CLANG_WARN_BLOCK_CAPTURE_AUTORELEASING = YES;
				CLANG_WARN_BOOL_CONVERSION = YES;
				CLANG_WARN_COMMA = YES;
				CLANG_WARN_CONSTANT_CONVERSION = YES;
				CLANG_WARN_DIRECT_OBJC_ISA_USAGE = YES_ERROR;
				CLANG_WARN_DOCUMENTATION_COMMENTS = YES;
				CLANG_WARN_EMPTY_BODY = YES;
				CLANG_WARN_ENUM_CONVERSION = YES;
				CLANG_WARN_INFINITE_RECURSION = YES;
				CLANG_WARN_INT_CONVERSION = YES;
				CLANG_WARN_NON_LITERAL_NULL_CONVERSION = YES;
				CLANG_WARN_OBJC_LITERAL_CONVERSION = YES;
				CLANG_WARN_OBJC_ROOT_CLASS = YES_ERROR;
				CLANG_WARN_RANGE_LOOP_ANALYSIS = YES;
				CLANG_WARN_STRICT_PROTOTYPES = YES;
				CLANG_WARN_SUSPICIOUS_MOVE = YES;
				CLANG_WARN_UNGUARDED_AVAILABILITY = YES_AGGRESSIVE;
				CLANG_WARN_UNREACHABLE_CODE = YES;
				CLANG_WARN__DUPLICATE_METHOD_MATCH = YES;
				CODE_SIGN_IDENTITY = "iPhone Developer";
				COPY_PHASE_STRIP = NO;
				DEBUG_INFORMATION_FORMAT = "dwarf-with-dsym";
				ENABLE_NS_ASSERTIONS = NO;
				ENABLE_STRICT_OBJC_MSGSEND = YES;
				GCC_C_LANGUAGE_STANDARD = gnu11;
				GCC_NO_COMMON_BLOCKS = YES;
				GCC_WARN_64_TO_32_BIT_CONVERSION = YES;
				GCC_WARN_ABOUT_RETURN_TYPE = YES_ERROR;
				GCC_WARN_UNDECLARED_SELECTOR = YES;
				GCC_WARN_UNINITIALIZED_AUTOS = YES_AGGRESSIVE;
				GCC_WARN_UNUSED_FUNCTION = YES;
				GCC_WARN_UNUSED_VARIABLE = YES;
				IPHONEOS_DEPLOYMENT_TARGET = 11.2;
				MTL_ENABLE_DEBUG_INFO = NO;
				SDKROOT = iphoneos;
				SWIFT_OPTIMIZATION_LEVEL = "-Owholemodule";
				VALIDATE_PRODUCT = YES;
			};
			name = Release;
		};
		D2D020791FEBA946008F6DB6 /* Debug */ = {
			isa = XCBuildConfiguration;
			baseConfigurationReference = 031350CFF12F685D7428A932 /* Pods-FlexSwiftDemo.debug.xcconfig */;
			buildSettings = {
				ASSETCATALOG_COMPILER_APPICON_NAME = AppIcon;
				CODE_SIGN_STYLE = Automatic;
				INFOPLIST_FILE = FlexSwiftDemo/Info.plist;
				LD_RUNPATH_SEARCH_PATHS = "$(inherited) @executable_path/Frameworks";
				PRODUCT_BUNDLE_IDENTIFIER = com.weibangong.oa.FlexSwiftDemo;
				PRODUCT_NAME = "$(TARGET_NAME)";
				SWIFT_VERSION = 4.0;
				TARGETED_DEVICE_FAMILY = "1,2";
			};
			name = Debug;
		};
		D2D0207A1FEBA946008F6DB6 /* Release */ = {
			isa = XCBuildConfiguration;
			baseConfigurationReference = 3113DD79A226E231CFABE7FC /* Pods-FlexSwiftDemo.release.xcconfig */;
			buildSettings = {
				ASSETCATALOG_COMPILER_APPICON_NAME = AppIcon;
				CODE_SIGN_STYLE = Automatic;
				INFOPLIST_FILE = FlexSwiftDemo/Info.plist;
				LD_RUNPATH_SEARCH_PATHS = "$(inherited) @executable_path/Frameworks";
				PRODUCT_BUNDLE_IDENTIFIER = com.weibangong.oa.FlexSwiftDemo;
				PRODUCT_NAME = "$(TARGET_NAME)";
				SWIFT_VERSION = 4.0;
				TARGETED_DEVICE_FAMILY = "1,2";
			};
			name = Release;
		};
/* End XCBuildConfiguration section */

/* Begin XCConfigurationList section */
		D2D020611FEBA946008F6DB6 /* Build configuration list for PBXProject "FlexSwiftDemo" */ = {
			isa = XCConfigurationList;
			buildConfigurations = (
				D2D020761FEBA946008F6DB6 /* Debug */,
				D2D020771FEBA946008F6DB6 /* Release */,
			);
			defaultConfigurationIsVisible = 0;
			defaultConfigurationName = Release;
		};
		D2D020781FEBA946008F6DB6 /* Build configuration list for PBXNativeTarget "FlexSwiftDemo" */ = {
			isa = XCConfigurationList;
			buildConfigurations = (
				D2D020791FEBA946008F6DB6 /* Debug */,
				D2D0207A1FEBA946008F6DB6 /* Release */,
			);
			defaultConfigurationIsVisible = 0;
			defaultConfigurationName = Release;
		};
/* End XCConfigurationList section */
	};
	rootObject = D2D0205E1FEBA946008F6DB6 /* Project object */;
}
